<Solution>
  <Project Path="src/OeXYZ.Protocol/OeXYZ.Protocol.csproj" />
  <Project Path="src/OeXYZ.ConsoleClient/OeXYZ.ConsoleClient.csproj" />
  <Project Path="src/OeXYZ.IntegrationClient/OeXYZ.IntegrationClient.csproj" />
  <Project Path="tests/OeXYZ.Protocol.Tests/OeXYZ.Protocol.Tests.csproj" />
</Solution>
