{
  "name": "oexyz-console-client-build-tools",
  "lockfileVersion": 3,
  "requires": true,
  "packages": {
    "": {
      "name": "oexyz-console-client-build-tools",
      "devDependencies": {
        "minecraft-data": "3.113.1"
      }
    },
    "node_modules/minecraft-data": {
      "version": "3.113.1",
      "resolved": "https://registry.npmjs.org/minecraft-data/-/minecraft-data-3.113.1.tgz",
      "integrity": "sha512-OJu7QbE5YY/5iLWLp7PV7SYrqHkZsthhY1RWXj9Uhrm2zF5f6Nr2vM18VJmLUY9CGG7Jfvdlh0YWeLweya8B4A==",
      "dev": true,
      "license": "MIT"
    }
  }
}
