{
  "name": "oexyz-console-client-build-tools",
  "lockfileVersion": 3,
  "requires": true,
  "packages": {
    "": {
      "name": "oexyz-console-client-build-tools",
      "devDependencies": {
        "minecraft-data": "3.113.0"
      }
    },
    "node_modules/minecraft-data": {
      "version": "3.113.0",
      "resolved": "https://registry.npmjs.org/minecraft-data/-/minecraft-data-3.113.0.tgz",
      "integrity": "sha512-sXV01wt/1ZoYGvEq1D+41hqrJ4dW+bHYzb7Ik2X1WX21uxAeHgUif9oAStcc9m+FGvRkSri5cMrWz/zezxAqAw==",
      "dev": true,
      "license": "MIT"
    }
  }
}
